
Microsoft Visual Studio Solution File, Format Version 11.00
# Visual Studio 2010
Project("{FAE04EC0-301F-11D3-BF4B-00C04F79EFBC}") = "MPC-SYNC", "MPC-SYNC\MPC-SYNC.csproj", "{BE34750E-F523-48AE-B355-55B7D59E97F4}"
EndProject
Project("{FAE04EC0-301F-11D3-BF4B-00C04F79EFBC}") = "MPC-SYNCClient", "MPC-SYNCClient\MPC-SYNCClient.csproj", "{47C059B6-15A8-45F7-8F3C-9975CF6E1B04}"
EndProject
Global
	GlobalSection(SolutionConfigurationPlatforms) = preSolution
		Debug|x86 = Debug|x86
		Release|x86 = Release|x86
	EndGlobalSection
	GlobalSection(ProjectConfigurationPlatforms) = postSolution
		{BE34750E-F523-48AE-B355-55B7D59E97F4}.Debug|x86.ActiveCfg = Debug|x86
		{BE34750E-F523-48AE-B355-55B7D59E97F4}.Debug|x86.Build.0 = Debug|x86
		{BE34750E-F523-48AE-B355-55B7D59E97F4}.Release|x86.ActiveCfg = Release|x86
		{BE34750E-F523-48AE-B355-55B7D59E97F4}.Release|x86.Build.0 = Release|x86
		{47C059B6-15A8-45F7-8F3C-9975CF6E1B04}.Debug|x86.ActiveCfg = Debug|x86
		{47C059B6-15A8-45F7-8F3C-9975CF6E1B04}.Debug|x86.Build.0 = Debug|x86
		{47C059B6-15A8-45F7-8F3C-9975CF6E1B04}.Release|x86.ActiveCfg = Release|x86
		{47C059B6-15A8-45F7-8F3C-9975CF6E1B04}.Release|x86.Build.0 = Release|x86
	EndGlobalSection
	GlobalSection(SolutionProperties) = preSolution
		HideSolutionNode = FALSE
	EndGlobalSection
EndGlobal
