
Microsoft Visual Studio Solution File, Format Version 12.00
# Visual Studio 11
Project("{FAE04EC0-301F-11D3-BF4B-00C04F79EFBC}") = "IRCLogReader", "IRCLogReader\IRCLogReader.csproj", "{19541D72-2834-4009-958F-197E6A4B5501}"
EndProject
Project("{FAE04EC0-301F-11D3-BF4B-00C04F79EFBC}") = "UTFUnifier", "UTFUnifier\UTFUnifier.csproj", "{B1F8AC71-3C95-45F5-A3A1-A765B39E0E57}"
EndProject
Global
	GlobalSection(SolutionConfigurationPlatforms) = preSolution
		Debug|Any CPU = Debug|Any CPU
		Release|Any CPU = Release|Any CPU
	EndGlobalSection
	GlobalSection(ProjectConfigurationPlatforms) = postSolution
		{19541D72-2834-4009-958F-197E6A4B5501}.Debug|Any CPU.ActiveCfg = Debug|Any CPU
		{19541D72-2834-4009-958F-197E6A4B5501}.Debug|Any CPU.Build.0 = Debug|Any CPU
		{19541D72-2834-4009-958F-197E6A4B5501}.Release|Any CPU.ActiveCfg = Release|Any CPU
		{19541D72-2834-4009-958F-197E6A4B5501}.Release|Any CPU.Build.0 = Release|Any CPU
		{B1F8AC71-3C95-45F5-A3A1-A765B39E0E57}.Debug|Any CPU.ActiveCfg = Debug|Any CPU
		{B1F8AC71-3C95-45F5-A3A1-A765B39E0E57}.Debug|Any CPU.Build.0 = Debug|Any CPU
		{B1F8AC71-3C95-45F5-A3A1-A765B39E0E57}.Release|Any CPU.ActiveCfg = Release|Any CPU
		{B1F8AC71-3C95-45F5-A3A1-A765B39E0E57}.Release|Any CPU.Build.0 = Release|Any CPU
	EndGlobalSection
	GlobalSection(SolutionProperties) = preSolution
		HideSolutionNode = FALSE
	EndGlobalSection
EndGlobal
